
Microsoft Visual Studio Solution File, Format Version 12.00
Project("{FAE04EC0-301F-11D3-BF4B-00C04F79EFBC}") = "Sayi-Tahmin-Oyunu", "Sayi-Tahmin-Oyunu\Sayi-Tahmin-Oyunu.csproj", "{6A04FC9B-B59B-4969-AC16-5EA46DD06194}"
EndProject
Global
	GlobalSection(SolutionConfigurationPlatforms) = preSolution
		Debug|Any CPU = Debug|Any CPU
		Release|Any CPU = Release|Any CPU
	EndGlobalSection
	GlobalSection(ProjectConfigurationPlatforms) = postSolution
		{6A04FC9B-B59B-4969-AC16-5EA46DD06194}.Debug|Any CPU.ActiveCfg = Debug|Any CPU
		{6A04FC9B-B59B-4969-AC16-5EA46DD06194}.Debug|Any CPU.Build.0 = Debug|Any CPU
		{6A04FC9B-B59B-4969-AC16-5EA46DD06194}.Release|Any CPU.ActiveCfg = Release|Any CPU
		{6A04FC9B-B59B-4969-AC16-5EA46DD06194}.Release|Any CPU.Build.0 = Release|Any CPU
	EndGlobalSection
EndGlobal
